
Microsoft Visual Studio Solution File, Format Version 12.00
# Visual Studio Version 17
VisualStudioVersion = 17.12.35707.178 d17.12
MinimumVisualStudioVersion = 10.0.40219.1
Project("{FAE04EC0-301F-11D3-BF4B-00C04F79EFBC}") = "PairProgramming", "PairProgramming.csproj", "{4BD1DF04-31FE-4165-BCD6-2EEC036E8483}"
EndProject
Project("{FAE04EC0-301F-11D3-BF4B-00C04F79EFBC}") = "PairProgrammingTests", "..\MusicRecordTests\PairProgrammingTests.csproj", "{1A31AF38-17D6-4EEA-A8F1-473205D7E0BC}"
EndProject
Project("{FAE04EC0-301F-11D3-BF4B-00C04F79EFBC}") = "ProgrammingController", "..\ProgrammingController\ProgrammingController.csproj", "{042A4757-6DAB-4BE7-A898-ADAE229218A6}"
EndProject
Global
	GlobalSection(SolutionConfigurationPlatforms) = preSolution
		Debug|Any CPU = Debug|Any CPU
		Release|Any CPU = Release|Any CPU
	EndGlobalSection
	GlobalSection(ProjectConfigurationPlatforms) = postSolution
		{4BD1DF04-31FE-4165-BCD6-2EEC036E8483}.Debug|Any CPU.ActiveCfg = Debug|Any CPU
		{4BD1DF04-31FE-4165-BCD6-2EEC036E8483}.Debug|Any CPU.Build.0 = Debug|Any CPU
		{4BD1DF04-31FE-4165-BCD6-2EEC036E8483}.Release|Any CPU.ActiveCfg = Release|Any CPU
		{4BD1DF04-31FE-4165-BCD6-2EEC036E8483}.Release|Any CPU.Build.0 = Release|Any CPU
		{1A31AF38-17D6-4EEA-A8F1-473205D7E0BC}.Debug|Any CPU.ActiveCfg = Debug|Any CPU
		{1A31AF38-17D6-4EEA-A8F1-473205D7E0BC}.Debug|Any CPU.Build.0 = Debug|Any CPU
		{1A31AF38-17D6-4EEA-A8F1-473205D7E0BC}.Release|Any CPU.ActiveCfg = Release|Any CPU
		{1A31AF38-17D6-4EEA-A8F1-473205D7E0BC}.Release|Any CPU.Build.0 = Release|Any CPU
		{042A4757-6DAB-4BE7-A898-ADAE229218A6}.Debug|Any CPU.ActiveCfg = Debug|Any CPU
		{042A4757-6DAB-4BE7-A898-ADAE229218A6}.Debug|Any CPU.Build.0 = Debug|Any CPU
		{042A4757-6DAB-4BE7-A898-ADAE229218A6}.Release|Any CPU.ActiveCfg = Release|Any CPU
		{042A4757-6DAB-4BE7-A898-ADAE229218A6}.Release|Any CPU.Build.0 = Release|Any CPU
	EndGlobalSection
	GlobalSection(SolutionProperties) = preSolution
		HideSolutionNode = FALSE
	EndGlobalSection
EndGlobal
